
Microsoft Visual Studio Solution File, Format Version 12.00
# Visual Studio 14
VisualStudioVersion = 14.0.25420.1
MinimumVisualStudioVersion = 10.0.40219.1
Project("{FAE04EC0-301F-11D3-BF4B-00C04F79EFBC}") = "ConsoleApplicationFluentInterface", "ConsoleApplicationFluentInterface\ConsoleApplicationFluentInterface.csproj", "{8EFC6F38-FFE6-4CC8-8047-1A06D2C07C49}"
EndProject
Project("{FAE04EC0-301F-11D3-BF4B-00C04F79EFBC}") = "ConsoleApplicationFluentInterfaceWithGeneric", "ConsoleApplicationFluentInterfaceWithGeneric\ConsoleApplicationFluentInterfaceWithGeneric.csproj", "{C246C678-6504-4438-A5F1-FB23CCDAC59D}"
EndProject
Project("{FAE04EC0-301F-11D3-BF4B-00C04F79EFBC}") = "ContextRepository", "ContextRepository\ContextRepository.csproj", "{593F809D-6F85-44A1-A62B-B1E61F1A5C5A}"
EndProject
Global
	GlobalSection(SolutionConfigurationPlatforms) = preSolution
		Debug|Any CPU = Debug|Any CPU
		Release|Any CPU = Release|Any CPU
	EndGlobalSection
	GlobalSection(ProjectConfigurationPlatforms) = postSolution
		{8EFC6F38-FFE6-4CC8-8047-1A06D2C07C49}.Debug|Any CPU.ActiveCfg = Debug|Any CPU
		{8EFC6F38-FFE6-4CC8-8047-1A06D2C07C49}.Debug|Any CPU.Build.0 = Debug|Any CPU
		{8EFC6F38-FFE6-4CC8-8047-1A06D2C07C49}.Release|Any CPU.ActiveCfg = Release|Any CPU
		{8EFC6F38-FFE6-4CC8-8047-1A06D2C07C49}.Release|Any CPU.Build.0 = Release|Any CPU
		{C246C678-6504-4438-A5F1-FB23CCDAC59D}.Debug|Any CPU.ActiveCfg = Debug|Any CPU
		{C246C678-6504-4438-A5F1-FB23CCDAC59D}.Debug|Any CPU.Build.0 = Debug|Any CPU
		{C246C678-6504-4438-A5F1-FB23CCDAC59D}.Release|Any CPU.ActiveCfg = Release|Any CPU
		{C246C678-6504-4438-A5F1-FB23CCDAC59D}.Release|Any CPU.Build.0 = Release|Any CPU
		{593F809D-6F85-44A1-A62B-B1E61F1A5C5A}.Debug|Any CPU.ActiveCfg = Debug|Any CPU
		{593F809D-6F85-44A1-A62B-B1E61F1A5C5A}.Debug|Any CPU.Build.0 = Debug|Any CPU
		{593F809D-6F85-44A1-A62B-B1E61F1A5C5A}.Release|Any CPU.ActiveCfg = Release|Any CPU
		{593F809D-6F85-44A1-A62B-B1E61F1A5C5A}.Release|Any CPU.Build.0 = Release|Any CPU
	EndGlobalSection
	GlobalSection(SolutionProperties) = preSolution
		HideSolutionNode = FALSE
	EndGlobalSection
EndGlobal
